
Microsoft Visual Studio Solution File, Format Version 12.00
# Visual Studio Version 16
VisualStudioVersion = 16.0.32126.315
MinimumVisualStudioVersion = 10.0.40219.1
Project("{FAE04EC0-301F-11D3-BF4B-00C04F79EFBC}") = "DataAccess", "DataAccess\DataAccess.csproj", "{2CD7DA19-0855-4F6C-94B6-AF70B37B84E3}"
EndProject
Project("{FAE04EC0-301F-11D3-BF4B-00C04F79EFBC}") = "Business", "Business\Business.csproj", "{0C782A90-4BCF-4DD9-B70C-1AAC7E776D07}"
EndProject
Project("{FAE04EC0-301F-11D3-BF4B-00C04F79EFBC}") = "Entities", "Entities\Entities.csproj", "{785569D8-83CA-4040-A9BF-DA0B4B12DC38}"
EndProject
Project("{FAE04EC0-301F-11D3-BF4B-00C04F79EFBC}") = "ConsoleUI", "ConsoleUI\ConsoleUI.csproj", "{37769712-17DB-4B42-BF8F-F18EAE63C42E}"
EndProject
Global
	GlobalSection(SolutionConfigurationPlatforms) = preSolution
		Debug|Any CPU = Debug|Any CPU
		Release|Any CPU = Release|Any CPU
	EndGlobalSection
	GlobalSection(ProjectConfigurationPlatforms) = postSolution
		{2CD7DA19-0855-4F6C-94B6-AF70B37B84E3}.Debug|Any CPU.ActiveCfg = Debug|Any CPU
		{2CD7DA19-0855-4F6C-94B6-AF70B37B84E3}.Debug|Any CPU.Build.0 = Debug|Any CPU
		{2CD7DA19-0855-4F6C-94B6-AF70B37B84E3}.Release|Any CPU.ActiveCfg = Release|Any CPU
		{2CD7DA19-0855-4F6C-94B6-AF70B37B84E3}.Release|Any CPU.Build.0 = Release|Any CPU
		{0C782A90-4BCF-4DD9-B70C-1AAC7E776D07}.Debug|Any CPU.ActiveCfg = Debug|Any CPU
		{0C782A90-4BCF-4DD9-B70C-1AAC7E776D07}.Debug|Any CPU.Build.0 = Debug|Any CPU
		{0C782A90-4BCF-4DD9-B70C-1AAC7E776D07}.Release|Any CPU.ActiveCfg = Release|Any CPU
		{0C782A90-4BCF-4DD9-B70C-1AAC7E776D07}.Release|Any CPU.Build.0 = Release|Any CPU
		{785569D8-83CA-4040-A9BF-DA0B4B12DC38}.Debug|Any CPU.ActiveCfg = Debug|Any CPU
		{785569D8-83CA-4040-A9BF-DA0B4B12DC38}.Debug|Any CPU.Build.0 = Debug|Any CPU
		{785569D8-83CA-4040-A9BF-DA0B4B12DC38}.Release|Any CPU.ActiveCfg = Release|Any CPU
		{785569D8-83CA-4040-A9BF-DA0B4B12DC38}.Release|Any CPU.Build.0 = Release|Any CPU
		{37769712-17DB-4B42-BF8F-F18EAE63C42E}.Debug|Any CPU.ActiveCfg = Debug|Any CPU
		{37769712-17DB-4B42-BF8F-F18EAE63C42E}.Debug|Any CPU.Build.0 = Debug|Any CPU
		{37769712-17DB-4B42-BF8F-F18EAE63C42E}.Release|Any CPU.ActiveCfg = Release|Any CPU
		{37769712-17DB-4B42-BF8F-F18EAE63C42E}.Release|Any CPU.Build.0 = Release|Any CPU
	EndGlobalSection
	GlobalSection(SolutionProperties) = preSolution
		HideSolutionNode = FALSE
	EndGlobalSection
	GlobalSection(ExtensibilityGlobals) = postSolution
		SolutionGuid = {204370B7-38F7-44C0-BCD0-540D9107F1F8}
	EndGlobalSection
EndGlobal
